
Microsoft Visual Studio Solution File, Format Version 12.00
# Visual Studio 15
VisualStudioVersion = 15.0.28307.489
MinimumVisualStudioVersion = 10.0.40219.1
Project("{FAE04EC0-301F-11D3-BF4B-00C04F79EFBC}") = "WindowsApp", "WindowsApp\WindowsApp.csproj", "{1A722651-4510-41C4-A2CD-150F78A6FB2D}"
EndProject
Project("{FAE04EC0-301F-11D3-BF4B-00C04F79EFBC}") = "WindowsApp.Models", "WindowsApp.Models\WindowsApp.Models.csproj", "{ABC6685A-231B-43AA-B296-5A9B498AEA0A}"
EndProject
Project("{FAE04EC0-301F-11D3-BF4B-00C04F79EFBC}") = "WindowsApp.BLL", "WindowsApp.BLL\WindowsApp.BLL.csproj", "{569F2958-D15C-4D11-B8FE-674C397F3960}"
EndProject
Project("{FAE04EC0-301F-11D3-BF4B-00C04F79EFBC}") = "WindowsAppRepository", "WindowsAppRepository\WindowsAppRepository.csproj", "{2B03D9D2-15A6-4173-A2C0-B56524FF35A6}"
EndProject
Project("{FAE04EC0-301F-11D3-BF4B-00C04F79EFBC}") = "ConsoleApp", "ConsoleApp\ConsoleApp.csproj", "{F9C8BD6D-8F2C-4984-9A5D-763B7A211828}"
EndProject
Global
	GlobalSection(SolutionConfigurationPlatforms) = preSolution
		Debug|Any CPU = Debug|Any CPU
		Release|Any CPU = Release|Any CPU
	EndGlobalSection
	GlobalSection(ProjectConfigurationPlatforms) = postSolution
		{1A722651-4510-41C4-A2CD-150F78A6FB2D}.Debug|Any CPU.ActiveCfg = Debug|Any CPU
		{1A722651-4510-41C4-A2CD-150F78A6FB2D}.Debug|Any CPU.Build.0 = Debug|Any CPU
		{1A722651-4510-41C4-A2CD-150F78A6FB2D}.Release|Any CPU.ActiveCfg = Release|Any CPU
		{1A722651-4510-41C4-A2CD-150F78A6FB2D}.Release|Any CPU.Build.0 = Release|Any CPU
		{ABC6685A-231B-43AA-B296-5A9B498AEA0A}.Debug|Any CPU.ActiveCfg = Debug|Any CPU
		{ABC6685A-231B-43AA-B296-5A9B498AEA0A}.Debug|Any CPU.Build.0 = Debug|Any CPU
		{ABC6685A-231B-43AA-B296-5A9B498AEA0A}.Release|Any CPU.ActiveCfg = Release|Any CPU
		{ABC6685A-231B-43AA-B296-5A9B498AEA0A}.Release|Any CPU.Build.0 = Release|Any CPU
		{569F2958-D15C-4D11-B8FE-674C397F3960}.Debug|Any CPU.ActiveCfg = Debug|Any CPU
		{569F2958-D15C-4D11-B8FE-674C397F3960}.Debug|Any CPU.Build.0 = Debug|Any CPU
		{569F2958-D15C-4D11-B8FE-674C397F3960}.Release|Any CPU.ActiveCfg = Release|Any CPU
		{569F2958-D15C-4D11-B8FE-674C397F3960}.Release|Any CPU.Build.0 = Release|Any CPU
		{2B03D9D2-15A6-4173-A2C0-B56524FF35A6}.Debug|Any CPU.ActiveCfg = Debug|Any CPU
		{2B03D9D2-15A6-4173-A2C0-B56524FF35A6}.Debug|Any CPU.Build.0 = Debug|Any CPU
		{2B03D9D2-15A6-4173-A2C0-B56524FF35A6}.Release|Any CPU.ActiveCfg = Release|Any CPU
		{2B03D9D2-15A6-4173-A2C0-B56524FF35A6}.Release|Any CPU.Build.0 = Release|Any CPU
		{F9C8BD6D-8F2C-4984-9A5D-763B7A211828}.Debug|Any CPU.ActiveCfg = Debug|Any CPU
		{F9C8BD6D-8F2C-4984-9A5D-763B7A211828}.Debug|Any CPU.Build.0 = Debug|Any CPU
		{F9C8BD6D-8F2C-4984-9A5D-763B7A211828}.Release|Any CPU.ActiveCfg = Release|Any CPU
		{F9C8BD6D-8F2C-4984-9A5D-763B7A211828}.Release|Any CPU.Build.0 = Release|Any CPU
	EndGlobalSection
	GlobalSection(SolutionProperties) = preSolution
		HideSolutionNode = FALSE
	EndGlobalSection
	GlobalSection(ExtensibilityGlobals) = postSolution
		SolutionGuid = {1BA898E9-1049-4373-B66F-81DC58C9E188}
	EndGlobalSection
EndGlobal
